
Microsoft Visual Studio Solution File, Format Version 12.00
# Visual Studio Version 17
VisualStudioVersion = 17.13.35806.99
MinimumVisualStudioVersion = 10.0.40219.1
Project("{FAE04EC0-301F-11D3-BF4B-00C04F79EFBC}") = "MigApp", "MigApp\MigApp.csproj", "{3E04086D-B353-4E61-AA70-6B97A1DB0B45}"
EndProject
Project("{FAE04EC0-301F-11D3-BF4B-00C04F79EFBC}") = "MigApp.Tests", "MigApp.Tests\MigApp.Tests.csproj", "{4DF153C5-2A93-419A-8108-D2F6E9B0A94C}"
EndProject
Project("{2150E333-8FDC-42A3-9474-1A3956D46DE8}") = "Элементы решения", "Элементы решения", "{754FC069-D67B-A9D7-50A1-8D1CA196D8F1}"
	ProjectSection(SolutionItems) = preProject
		Блокнот.txt = Блокнот.txt
	EndProjectSection
EndProject
Global
	GlobalSection(SolutionConfigurationPlatforms) = preSolution
		Debug|Any CPU = Debug|Any CPU
		Debug|x64 = Debug|x64
		Release|Any CPU = Release|Any CPU
		Release|x64 = Release|x64
	EndGlobalSection
	GlobalSection(ProjectConfigurationPlatforms) = postSolution
		{3E04086D-B353-4E61-AA70-6B97A1DB0B45}.Debug|Any CPU.ActiveCfg = Debug|Any CPU
		{3E04086D-B353-4E61-AA70-6B97A1DB0B45}.Debug|Any CPU.Build.0 = Debug|Any CPU
		{3E04086D-B353-4E61-AA70-6B97A1DB0B45}.Debug|x64.ActiveCfg = Debug|Any CPU
		{3E04086D-B353-4E61-AA70-6B97A1DB0B45}.Debug|x64.Build.0 = Debug|Any CPU
		{3E04086D-B353-4E61-AA70-6B97A1DB0B45}.Release|Any CPU.ActiveCfg = Release|Any CPU
		{3E04086D-B353-4E61-AA70-6B97A1DB0B45}.Release|Any CPU.Build.0 = Release|Any CPU
		{3E04086D-B353-4E61-AA70-6B97A1DB0B45}.Release|x64.ActiveCfg = Release|x64
		{3E04086D-B353-4E61-AA70-6B97A1DB0B45}.Release|x64.Build.0 = Release|x64
		{4DF153C5-2A93-419A-8108-D2F6E9B0A94C}.Debug|Any CPU.ActiveCfg = Debug|Any CPU
		{4DF153C5-2A93-419A-8108-D2F6E9B0A94C}.Debug|Any CPU.Build.0 = Debug|Any CPU
		{4DF153C5-2A93-419A-8108-D2F6E9B0A94C}.Debug|x64.ActiveCfg = Debug|Any CPU
		{4DF153C5-2A93-419A-8108-D2F6E9B0A94C}.Debug|x64.Build.0 = Debug|Any CPU
		{4DF153C5-2A93-419A-8108-D2F6E9B0A94C}.Release|Any CPU.ActiveCfg = Release|Any CPU
		{4DF153C5-2A93-419A-8108-D2F6E9B0A94C}.Release|Any CPU.Build.0 = Release|Any CPU
		{4DF153C5-2A93-419A-8108-D2F6E9B0A94C}.Release|x64.ActiveCfg = Release|Any CPU
		{4DF153C5-2A93-419A-8108-D2F6E9B0A94C}.Release|x64.Build.0 = Release|Any CPU
	EndGlobalSection
	GlobalSection(SolutionProperties) = preSolution
		HideSolutionNode = FALSE
	EndGlobalSection
	GlobalSection(ExtensibilityGlobals) = postSolution
		SolutionGuid = {11552978-DEEB-483C-A03B-29AE98A7212D}
	EndGlobalSection
EndGlobal
